dependencies:
- name: kube-state-metrics
  repository: https://prometheus-community.github.io/helm-charts
  version: 3.1.1
- name: prometheus-node-exporter
  repository: https://prometheus-community.github.io/helm-charts
  version: 1.18.2
- name: grafana
  repository: https://grafana.github.io/helm-charts
  version: 6.13.6
digest: sha256:49978f4d2f4f90bba25647dc43a14bdb50253583f8a5ec367247750708854cbe
generated: "2021-07-06T13:00:57.664752802Z"
